
Microsoft Visual Studio Solution File, Format Version 12.00
# Visual Studio Version 17
VisualStudioVersion = 17.10.35027.167
MinimumVisualStudioVersion = 10.0.40219.1
Project("{9A19103F-16F7-4668-BE54-9A1E7A4F7556}") = "PetMe.Web", "PetMe.Web\PetMe.Web.csproj", "{C3460D66-7553-4071-951B-D1A287B99B48}"
EndProject
Project("{9A19103F-16F7-4668-BE54-9A1E7A4F7556}") = "PetMe.Data", "PetMe.Core\PetMe.Data.csproj", "{280D6F79-573B-4678-AA90-EE096B1BD606}"
EndProject
Project("{9A19103F-16F7-4668-BE54-9A1E7A4F7556}") = "PetMe.DataAccess", "PetMe.Data\PetMe.DataAccess.csproj", "{22750AD5-9A0E-4AAC-923F-4042565E5AA7}"
EndProject
Project("{2150E333-8FDC-42A3-9474-1A3956D46DE8}") = "Solution Items", "Solution Items", "{1B1C1D32-B242-4C93-8BB9-3A2C1F62CB13}"
	ProjectSection(SolutionItems) = preProject
		.env = .env
	EndProjectSection
EndProject
Project("{9A19103F-16F7-4668-BE54-9A1E7A4F7556}") = "PetMe.Setting", "PetMe.Setting\PetMe.Setting.csproj", "{7C5E44C9-D3A5-4DA4-8325-AB06AA47AE6B}"
EndProject
Project("{FAE04EC0-301F-11D3-BF4B-00C04F79EFBC}") = "PetMe.Business", "PetMe.Business\PetMe.Business.csproj", "{05EC24DF-16B3-4402-83E4-60A60C72B41D}"
EndProject
Global
	GlobalSection(SolutionConfigurationPlatforms) = preSolution
		Debug|Any CPU = Debug|Any CPU
		Release|Any CPU = Release|Any CPU
	EndGlobalSection
	GlobalSection(ProjectConfigurationPlatforms) = postSolution
		{C3460D66-7553-4071-951B-D1A287B99B48}.Debug|Any CPU.ActiveCfg = Debug|Any CPU
		{C3460D66-7553-4071-951B-D1A287B99B48}.Debug|Any CPU.Build.0 = Debug|Any CPU
		{C3460D66-7553-4071-951B-D1A287B99B48}.Release|Any CPU.ActiveCfg = Release|Any CPU
		{C3460D66-7553-4071-951B-D1A287B99B48}.Release|Any CPU.Build.0 = Release|Any CPU
		{280D6F79-573B-4678-AA90-EE096B1BD606}.Debug|Any CPU.ActiveCfg = Debug|Any CPU
		{280D6F79-573B-4678-AA90-EE096B1BD606}.Debug|Any CPU.Build.0 = Debug|Any CPU
		{280D6F79-573B-4678-AA90-EE096B1BD606}.Release|Any CPU.ActiveCfg = Release|Any CPU
		{280D6F79-573B-4678-AA90-EE096B1BD606}.Release|Any CPU.Build.0 = Release|Any CPU
		{22750AD5-9A0E-4AAC-923F-4042565E5AA7}.Debug|Any CPU.ActiveCfg = Debug|Any CPU
		{22750AD5-9A0E-4AAC-923F-4042565E5AA7}.Debug|Any CPU.Build.0 = Debug|Any CPU
		{22750AD5-9A0E-4AAC-923F-4042565E5AA7}.Release|Any CPU.ActiveCfg = Release|Any CPU
		{22750AD5-9A0E-4AAC-923F-4042565E5AA7}.Release|Any CPU.Build.0 = Release|Any CPU
		{7C5E44C9-D3A5-4DA4-8325-AB06AA47AE6B}.Debug|Any CPU.ActiveCfg = Debug|Any CPU
		{7C5E44C9-D3A5-4DA4-8325-AB06AA47AE6B}.Debug|Any CPU.Build.0 = Debug|Any CPU
		{7C5E44C9-D3A5-4DA4-8325-AB06AA47AE6B}.Release|Any CPU.ActiveCfg = Release|Any CPU
		{7C5E44C9-D3A5-4DA4-8325-AB06AA47AE6B}.Release|Any CPU.Build.0 = Release|Any CPU
		{05EC24DF-16B3-4402-83E4-60A60C72B41D}.Debug|Any CPU.ActiveCfg = Debug|Any CPU
		{05EC24DF-16B3-4402-83E4-60A60C72B41D}.Debug|Any CPU.Build.0 = Debug|Any CPU
		{05EC24DF-16B3-4402-83E4-60A60C72B41D}.Release|Any CPU.ActiveCfg = Release|Any CPU
		{05EC24DF-16B3-4402-83E4-60A60C72B41D}.Release|Any CPU.Build.0 = Release|Any CPU
	EndGlobalSection
	GlobalSection(SolutionProperties) = preSolution
		HideSolutionNode = FALSE
	EndGlobalSection
	GlobalSection(ExtensibilityGlobals) = postSolution
		SolutionGuid = {ED2A68B9-CAF7-48CC-838C-E2CA240A2F1A}
	EndGlobalSection
EndGlobal
